
Microsoft Visual Studio Solution File, Format Version 12.00
# Visual Studio Version 16
VisualStudioVersion = 16.0.30225.117
MinimumVisualStudioVersion = 10.0.40219.1
Project("{FAE04EC0-301F-11D3-BF4B-00C04F79EFBC}") = "SimpleRestApp", "SimpleRestApp\SimpleRestApp.csproj", "{33C3916A-AA16-47B8-85F5-DED0D11D2A01}"
EndProject
Project("{2150E333-8FDC-42A3-9474-1A3956D46DE8}") = "Solution Items", "Solution Items", "{42C1744B-92D7-4033-BE6D-CB4BD1171660}"
	ProjectSection(SolutionItems) = preProject
		readme.md = readme.md
	EndProjectSection
EndProject
Global
	GlobalSection(SolutionConfigurationPlatforms) = preSolution
		Debug|Any CPU = Debug|Any CPU
		Release|Any CPU = Release|Any CPU
	EndGlobalSection
	GlobalSection(ProjectConfigurationPlatforms) = postSolution
		{33C3916A-AA16-47B8-85F5-DED0D11D2A01}.Debug|Any CPU.ActiveCfg = Debug|Any CPU
		{33C3916A-AA16-47B8-85F5-DED0D11D2A01}.Debug|Any CPU.Build.0 = Debug|Any CPU
		{33C3916A-AA16-47B8-85F5-DED0D11D2A01}.Release|Any CPU.ActiveCfg = Release|Any CPU
		{33C3916A-AA16-47B8-85F5-DED0D11D2A01}.Release|Any CPU.Build.0 = Release|Any CPU
	EndGlobalSection
	GlobalSection(SolutionProperties) = preSolution
		HideSolutionNode = FALSE
	EndGlobalSection
	GlobalSection(ExtensibilityGlobals) = postSolution
		SolutionGuid = {16CA5746-5ABC-4F85-8A3B-410583990906}
	EndGlobalSection
EndGlobal
